
Microsoft Visual Studio Solution File, Format Version 12.00
# Visual Studio Version 17
VisualStudioVersion = 17.0.31903.59
MinimumVisualStudioVersion = 10.0.40219.1
Project("{FAE04EC0-301F-11D3-BF4B-00C04F79EFBC}") = "StringLibrary", "StringLibrary\StringLibrary.csproj", "{5621AF7D-A0D6-44A5-BB37-B0D281B08BA5}"
EndProject
Project("{FAE04EC0-301F-11D3-BF4B-00C04F79EFBC}") = "StringLibraryTest", "StringLibraryTest\StringLibraryTest.csproj", "{607A58D7-3685-4441-9283-8BB13CAA7E4A}"
EndProject
Global
	GlobalSection(SolutionConfigurationPlatforms) = preSolution
		Debug|Any CPU = Debug|Any CPU
		Release|Any CPU = Release|Any CPU
	EndGlobalSection
	GlobalSection(SolutionProperties) = preSolution
		HideSolutionNode = FALSE
	EndGlobalSection
	GlobalSection(ProjectConfigurationPlatforms) = postSolution
		{5621AF7D-A0D6-44A5-BB37-B0D281B08BA5}.Debug|Any CPU.ActiveCfg = Debug|Any CPU
		{5621AF7D-A0D6-44A5-BB37-B0D281B08BA5}.Debug|Any CPU.Build.0 = Debug|Any CPU
		{5621AF7D-A0D6-44A5-BB37-B0D281B08BA5}.Release|Any CPU.ActiveCfg = Release|Any CPU
		{5621AF7D-A0D6-44A5-BB37-B0D281B08BA5}.Release|Any CPU.Build.0 = Release|Any CPU
		{607A58D7-3685-4441-9283-8BB13CAA7E4A}.Debug|Any CPU.ActiveCfg = Debug|Any CPU
		{607A58D7-3685-4441-9283-8BB13CAA7E4A}.Debug|Any CPU.Build.0 = Debug|Any CPU
		{607A58D7-3685-4441-9283-8BB13CAA7E4A}.Release|Any CPU.ActiveCfg = Release|Any CPU
		{607A58D7-3685-4441-9283-8BB13CAA7E4A}.Release|Any CPU.Build.0 = Release|Any CPU
	EndGlobalSection
EndGlobal
