
Microsoft Visual Studio Solution File, Format Version 12.00
# Visual Studio Version 17
VisualStudioVersion = 17.0.31903.59
MinimumVisualStudioVersion = 10.0.40219.1
Project("{FAE04EC0-301F-11D3-BF4B-00C04F79EFBC}") = "SportsStore", "SportsStore\SportsStore.csproj", "{CC9CB891-373A-4110-8164-27FDBFD9B58E}"
EndProject
Project("{FAE04EC0-301F-11D3-BF4B-00C04F79EFBC}") = "SportsStore.Tests", "SportsStore.Tests\SportsStore.Tests.csproj", "{F0F97040-22E0-4371-BF7D-473778EB078E}"
EndProject
Global
	GlobalSection(SolutionConfigurationPlatforms) = preSolution
		Debug|Any CPU = Debug|Any CPU
		Release|Any CPU = Release|Any CPU
	EndGlobalSection
	GlobalSection(SolutionProperties) = preSolution
		HideSolutionNode = FALSE
	EndGlobalSection
	GlobalSection(ProjectConfigurationPlatforms) = postSolution
		{CC9CB891-373A-4110-8164-27FDBFD9B58E}.Debug|Any CPU.ActiveCfg = Debug|Any CPU
		{CC9CB891-373A-4110-8164-27FDBFD9B58E}.Debug|Any CPU.Build.0 = Debug|Any CPU
		{CC9CB891-373A-4110-8164-27FDBFD9B58E}.Release|Any CPU.ActiveCfg = Release|Any CPU
		{CC9CB891-373A-4110-8164-27FDBFD9B58E}.Release|Any CPU.Build.0 = Release|Any CPU
		{F0F97040-22E0-4371-BF7D-473778EB078E}.Debug|Any CPU.ActiveCfg = Debug|Any CPU
		{F0F97040-22E0-4371-BF7D-473778EB078E}.Debug|Any CPU.Build.0 = Debug|Any CPU
		{F0F97040-22E0-4371-BF7D-473778EB078E}.Release|Any CPU.ActiveCfg = Release|Any CPU
		{F0F97040-22E0-4371-BF7D-473778EB078E}.Release|Any CPU.Build.0 = Release|Any CPU
	EndGlobalSection
EndGlobal
